
Microsoft Visual Studio Solution File, Format Version 12.00
# Visual Studio Version 17
VisualStudioVersion = 17.6.33829.357
MinimumVisualStudioVersion = 10.0.40219.1
Project("{9A19103F-16F7-4668-BE54-9A1E7A4F7556}") = "AccountService", "AccountService\AccountService.csproj", "{F94CE0E9-F7AE-4A87-8285-FF48E8385F91}"
EndProject
Project("{2150E333-8FDC-42A3-9474-1A3956D46DE8}") = "Solution Items", "Solution Items", "{E965581E-4C53-408D-87BC-01A5CD051C48}"
	ProjectSection(SolutionItems) = preProject
		.editorconfig = .editorconfig
	EndProjectSection
EndProject
Project("{9A19103F-16F7-4668-BE54-9A1E7A4F7556}") = "AccountService.Test", "AccountServiceTest\AccountService.Test.csproj", "{DBC83AB6-2BD5-4DB7-9CFF-C53E4A0D7699}"
EndProject
Project("{9A19103F-16F7-4668-BE54-9A1E7A4F7556}") = "DoctorService", "DoctorService\DoctorService.csproj", "{F4429847-9E31-4C56-9865-04EB6447B115}"
EndProject
Project("{9A19103F-16F7-4668-BE54-9A1E7A4F7556}") = "DoctorService.Test", "DoctorService.Test\DoctorService.Test.csproj", "{9EB71298-F405-44D7-886C-689A22B021AA}"
EndProject
Project("{2150E333-8FDC-42A3-9474-1A3956D46DE8}") = "K8s", "K8s", "{C222A404-1FB6-4004-9A50-B62D663C58AF}"
	ProjectSection(SolutionItems) = preProject
		accounts-depl.yaml = accounts-depl.yaml
		accounts-np-srv.yaml = accounts-np-srv.yaml
		doctors-depl.yaml = doctors-depl.yaml
		rabbitmq-depl.yaml = rabbitmq-depl.yaml
	EndProjectSection
EndProject
Global
	GlobalSection(SolutionConfigurationPlatforms) = preSolution
		Debug|Any CPU = Debug|Any CPU
		Release|Any CPU = Release|Any CPU
	EndGlobalSection
	GlobalSection(ProjectConfigurationPlatforms) = postSolution
		{F94CE0E9-F7AE-4A87-8285-FF48E8385F91}.Debug|Any CPU.ActiveCfg = Debug|Any CPU
		{F94CE0E9-F7AE-4A87-8285-FF48E8385F91}.Debug|Any CPU.Build.0 = Debug|Any CPU
		{F94CE0E9-F7AE-4A87-8285-FF48E8385F91}.Release|Any CPU.ActiveCfg = Release|Any CPU
		{F94CE0E9-F7AE-4A87-8285-FF48E8385F91}.Release|Any CPU.Build.0 = Release|Any CPU
		{DBC83AB6-2BD5-4DB7-9CFF-C53E4A0D7699}.Debug|Any CPU.ActiveCfg = Debug|Any CPU
		{DBC83AB6-2BD5-4DB7-9CFF-C53E4A0D7699}.Debug|Any CPU.Build.0 = Debug|Any CPU
		{DBC83AB6-2BD5-4DB7-9CFF-C53E4A0D7699}.Release|Any CPU.ActiveCfg = Release|Any CPU
		{DBC83AB6-2BD5-4DB7-9CFF-C53E4A0D7699}.Release|Any CPU.Build.0 = Release|Any CPU
		{F4429847-9E31-4C56-9865-04EB6447B115}.Debug|Any CPU.ActiveCfg = Debug|Any CPU
		{F4429847-9E31-4C56-9865-04EB6447B115}.Debug|Any CPU.Build.0 = Debug|Any CPU
		{F4429847-9E31-4C56-9865-04EB6447B115}.Release|Any CPU.ActiveCfg = Release|Any CPU
		{F4429847-9E31-4C56-9865-04EB6447B115}.Release|Any CPU.Build.0 = Release|Any CPU
		{9EB71298-F405-44D7-886C-689A22B021AA}.Debug|Any CPU.ActiveCfg = Debug|Any CPU
		{9EB71298-F405-44D7-886C-689A22B021AA}.Debug|Any CPU.Build.0 = Debug|Any CPU
		{9EB71298-F405-44D7-886C-689A22B021AA}.Release|Any CPU.ActiveCfg = Release|Any CPU
		{9EB71298-F405-44D7-886C-689A22B021AA}.Release|Any CPU.Build.0 = Release|Any CPU
	EndGlobalSection
	GlobalSection(SolutionProperties) = preSolution
		HideSolutionNode = FALSE
	EndGlobalSection
	GlobalSection(ExtensibilityGlobals) = postSolution
		SolutionGuid = {BCA64DA7-8430-42D4-9718-08E60EB5855C}
	EndGlobalSection
EndGlobal
